
Microsoft Visual Studio Solution File, Format Version 12.00
# Visual Studio 2013
VisualStudioVersion = 12.0.21005.1
MinimumVisualStudioVersion = 10.0.40219.1
Project("{8BC9CEB8-8B4A-11D0-8D11-00A0C91BC942}") = "ComPortTestVS", "ComPortTestVS\ComPortTestVS.vcxproj", "{3539FEA6-527A-4B3A-919B-5531674E4895}"
EndProject
Global
	GlobalSection(SolutionConfigurationPlatforms) = preSolution
		Debug|Win32 = Debug|Win32
		Release|Win32 = Release|Win32
	EndGlobalSection
	GlobalSection(ProjectConfigurationPlatforms) = postSolution
		{3539FEA6-527A-4B3A-919B-5531674E4895}.Debug|Win32.ActiveCfg = Debug|Win32
		{3539FEA6-527A-4B3A-919B-5531674E4895}.Debug|Win32.Build.0 = Debug|Win32
		{3539FEA6-527A-4B3A-919B-5531674E4895}.Release|Win32.ActiveCfg = Release|Win32
		{3539FEA6-527A-4B3A-919B-5531674E4895}.Release|Win32.Build.0 = Release|Win32
	EndGlobalSection
	GlobalSection(SolutionProperties) = preSolution
		HideSolutionNode = FALSE
	EndGlobalSection
EndGlobal
